
Microsoft Visual Studio Solution File, Format Version 12.00
# Visual Studio Version 17
VisualStudioVersion = 17.8.34316.72
MinimumVisualStudioVersion = 10.0.40219.1
Project("{9A19103F-16F7-4668-BE54-9A1E7A4F7556}") = "TestFinal", "TestFinal\TestFinal.csproj", "{AB56BB48-80FD-4D21-9BE9-9C5E6FD9B657}"
EndProject
Project("{FAE04EC0-301F-11D3-BF4B-00C04F79EFBC}") = "Final1670WebRazor_Temp", "Final1670WebRazor_Temp\Final1670WebRazor_Temp.csproj", "{1A9732DF-ED9E-4265-B676-9C3B2080C8D3}"
EndProject
Global
	GlobalSection(SolutionConfigurationPlatforms) = preSolution
		Debug|Any CPU = Debug|Any CPU
		Release|Any CPU = Release|Any CPU
	EndGlobalSection
	GlobalSection(ProjectConfigurationPlatforms) = postSolution
		{AB56BB48-80FD-4D21-9BE9-9C5E6FD9B657}.Debug|Any CPU.ActiveCfg = Debug|Any CPU
		{AB56BB48-80FD-4D21-9BE9-9C5E6FD9B657}.Debug|Any CPU.Build.0 = Debug|Any CPU
		{AB56BB48-80FD-4D21-9BE9-9C5E6FD9B657}.Release|Any CPU.ActiveCfg = Release|Any CPU
		{AB56BB48-80FD-4D21-9BE9-9C5E6FD9B657}.Release|Any CPU.Build.0 = Release|Any CPU
		{1A9732DF-ED9E-4265-B676-9C3B2080C8D3}.Debug|Any CPU.ActiveCfg = Debug|Any CPU
		{1A9732DF-ED9E-4265-B676-9C3B2080C8D3}.Debug|Any CPU.Build.0 = Debug|Any CPU
		{1A9732DF-ED9E-4265-B676-9C3B2080C8D3}.Release|Any CPU.ActiveCfg = Release|Any CPU
		{1A9732DF-ED9E-4265-B676-9C3B2080C8D3}.Release|Any CPU.Build.0 = Release|Any CPU
	EndGlobalSection
	GlobalSection(SolutionProperties) = preSolution
		HideSolutionNode = FALSE
	EndGlobalSection
	GlobalSection(ExtensibilityGlobals) = postSolution
		SolutionGuid = {5589A881-F734-4A24-BDEE-B4D6E0BDB216}
	EndGlobalSection
EndGlobal
